
Microsoft Visual Studio Solution File, Format Version 12.00
# Visual Studio 15
VisualStudioVersion = 15.0.26730.16
MinimumVisualStudioVersion = 10.0.40219.1
Project("{FAE04EC0-301F-11D3-BF4B-00C04F79EFBC}") = "Santase.ConsoleUI", "Santase.ConsoleUI\Santase.ConsoleUI.csproj", "{FC346033-A16D-4AF7-8E2E-CF081391B85A}"
EndProject
Project("{FAE04EC0-301F-11D3-BF4B-00C04F79EFBC}") = "Santase.Logic", "Santase.Logic\Santase.Logic.csproj", "{81766101-BAB1-4A35-8A46-3C8A590D11DC}"
EndProject
Global
	GlobalSection(SolutionConfigurationPlatforms) = preSolution
		Debug|Any CPU = Debug|Any CPU
		Release|Any CPU = Release|Any CPU
	EndGlobalSection
	GlobalSection(ProjectConfigurationPlatforms) = postSolution
		{FC346033-A16D-4AF7-8E2E-CF081391B85A}.Debug|Any CPU.ActiveCfg = Debug|Any CPU
		{FC346033-A16D-4AF7-8E2E-CF081391B85A}.Debug|Any CPU.Build.0 = Debug|Any CPU
		{FC346033-A16D-4AF7-8E2E-CF081391B85A}.Release|Any CPU.ActiveCfg = Release|Any CPU
		{FC346033-A16D-4AF7-8E2E-CF081391B85A}.Release|Any CPU.Build.0 = Release|Any CPU
		{81766101-BAB1-4A35-8A46-3C8A590D11DC}.Debug|Any CPU.ActiveCfg = Debug|Any CPU
		{81766101-BAB1-4A35-8A46-3C8A590D11DC}.Debug|Any CPU.Build.0 = Debug|Any CPU
		{81766101-BAB1-4A35-8A46-3C8A590D11DC}.Release|Any CPU.ActiveCfg = Release|Any CPU
		{81766101-BAB1-4A35-8A46-3C8A590D11DC}.Release|Any CPU.Build.0 = Release|Any CPU
	EndGlobalSection
	GlobalSection(SolutionProperties) = preSolution
		HideSolutionNode = FALSE
	EndGlobalSection
	GlobalSection(ExtensibilityGlobals) = postSolution
		SolutionGuid = {D180AA07-C450-49E6-8B47-DC039D5E24E1}
	EndGlobalSection
EndGlobal
